
Microsoft Visual Studio Solution File, Format Version 12.00
# Visual Studio Version 17
VisualStudioVersion = 17.4.33403.182
MinimumVisualStudioVersion = 10.0.40219.1
Project("{FAE04EC0-301F-11D3-BF4B-00C04F79EFBC}") = "ListOpdracht", "ListOpdracht\ListOpdracht.csproj", "{D831706E-D8AD-4A49-A2C0-8A31C21AE3ED}"
EndProject
Global
	GlobalSection(SolutionConfigurationPlatforms) = preSolution
		Debug|Any CPU = Debug|Any CPU
		Release|Any CPU = Release|Any CPU
	EndGlobalSection
	GlobalSection(ProjectConfigurationPlatforms) = postSolution
		{D831706E-D8AD-4A49-A2C0-8A31C21AE3ED}.Debug|Any CPU.ActiveCfg = Debug|Any CPU
		{D831706E-D8AD-4A49-A2C0-8A31C21AE3ED}.Debug|Any CPU.Build.0 = Debug|Any CPU
		{D831706E-D8AD-4A49-A2C0-8A31C21AE3ED}.Release|Any CPU.ActiveCfg = Release|Any CPU
		{D831706E-D8AD-4A49-A2C0-8A31C21AE3ED}.Release|Any CPU.Build.0 = Release|Any CPU
	EndGlobalSection
	GlobalSection(SolutionProperties) = preSolution
		HideSolutionNode = FALSE
	EndGlobalSection
	GlobalSection(ExtensibilityGlobals) = postSolution
		SolutionGuid = {73E85635-DDCB-4173-A8D9-AEFE2AA8A502}
	EndGlobalSection
EndGlobal
